
Microsoft Visual Studio Solution File, Format Version 12.00
# Visual Studio Version 17
VisualStudioVersion = 17.7.34202.233
MinimumVisualStudioVersion = 10.0.40219.1
Project("{9A19103F-16F7-4668-BE54-9A1E7A4F7556}") = "S_BAD", "SOLID\S_BAD.csproj", "{81E45AA4-499A-4842-AAB2-4FDA6B3F4327}"
EndProject
Project("{2150E333-8FDC-42A3-9474-1A3956D46DE8}") = "1 S", "1 S", "{A40BEBE3-C401-446E-8E56-9CBD04B0115A}"
EndProject
Project("{9A19103F-16F7-4668-BE54-9A1E7A4F7556}") = "S_GOOD", "S_GOOD\S_GOOD.csproj", "{DCCF8BA5-13AE-45AE-B0CF-365B2A26D083}"
EndProject
Project("{2150E333-8FDC-42A3-9474-1A3956D46DE8}") = "2 O", "2 O", "{5E5B6D37-6C3B-4827-9B9C-03369BA76C0B}"
EndProject
Project("{9A19103F-16F7-4668-BE54-9A1E7A4F7556}") = "O_BAD", "O_BAD\O_BAD.csproj", "{729B7532-6AC6-424C-B5E0-5C05FC750471}"
EndProject
Project("{9A19103F-16F7-4668-BE54-9A1E7A4F7556}") = "O_GOOD", "O_GOOD\O_GOOD.csproj", "{DFA0A0EA-456C-407F-A0E3-628523F574C4}"
EndProject
Project("{2150E333-8FDC-42A3-9474-1A3956D46DE8}") = "3 L", "3 L", "{4AF6DD75-B5F2-49BE-9222-8312920535FD}"
EndProject
Project("{FAE04EC0-301F-11D3-BF4B-00C04F79EFBC}") = "L_BAD", "L_BAD\L_BAD.csproj", "{6AE156B7-6352-4989-9E47-971273E9876C}"
EndProject
Project("{FAE04EC0-301F-11D3-BF4B-00C04F79EFBC}") = "L_GOOD", "L_GOOD\L_GOOD.csproj", "{8C59A91E-008E-4BC3-B7BC-B92EFDCF755A}"
EndProject
Project("{2150E333-8FDC-42A3-9474-1A3956D46DE8}") = "4 I", "4 I", "{F10AF5E7-2658-47E8-BEEC-C023D21F7698}"
EndProject
Project("{FAE04EC0-301F-11D3-BF4B-00C04F79EFBC}") = "I_BAD", "I_BAD\I_BAD.csproj", "{B2B0D2CD-95D5-4166-B375-4BAC1F3E9EEB}"
EndProject
Project("{FAE04EC0-301F-11D3-BF4B-00C04F79EFBC}") = "I_GOOD", "I_GOOD\I_GOOD.csproj", "{C694AB69-36FB-47A0-86D0-22B71771136C}"
EndProject
Global
	GlobalSection(SolutionConfigurationPlatforms) = preSolution
		Debug|Any CPU = Debug|Any CPU
		Release|Any CPU = Release|Any CPU
	EndGlobalSection
	GlobalSection(ProjectConfigurationPlatforms) = postSolution
		{81E45AA4-499A-4842-AAB2-4FDA6B3F4327}.Debug|Any CPU.ActiveCfg = Debug|Any CPU
		{81E45AA4-499A-4842-AAB2-4FDA6B3F4327}.Debug|Any CPU.Build.0 = Debug|Any CPU
		{81E45AA4-499A-4842-AAB2-4FDA6B3F4327}.Release|Any CPU.ActiveCfg = Release|Any CPU
		{81E45AA4-499A-4842-AAB2-4FDA6B3F4327}.Release|Any CPU.Build.0 = Release|Any CPU
		{DCCF8BA5-13AE-45AE-B0CF-365B2A26D083}.Debug|Any CPU.ActiveCfg = Debug|Any CPU
		{DCCF8BA5-13AE-45AE-B0CF-365B2A26D083}.Debug|Any CPU.Build.0 = Debug|Any CPU
		{DCCF8BA5-13AE-45AE-B0CF-365B2A26D083}.Release|Any CPU.ActiveCfg = Release|Any CPU
		{DCCF8BA5-13AE-45AE-B0CF-365B2A26D083}.Release|Any CPU.Build.0 = Release|Any CPU
		{729B7532-6AC6-424C-B5E0-5C05FC750471}.Debug|Any CPU.ActiveCfg = Debug|Any CPU
		{729B7532-6AC6-424C-B5E0-5C05FC750471}.Debug|Any CPU.Build.0 = Debug|Any CPU
		{729B7532-6AC6-424C-B5E0-5C05FC750471}.Release|Any CPU.ActiveCfg = Release|Any CPU
		{729B7532-6AC6-424C-B5E0-5C05FC750471}.Release|Any CPU.Build.0 = Release|Any CPU
		{DFA0A0EA-456C-407F-A0E3-628523F574C4}.Debug|Any CPU.ActiveCfg = Debug|Any CPU
		{DFA0A0EA-456C-407F-A0E3-628523F574C4}.Debug|Any CPU.Build.0 = Debug|Any CPU
		{DFA0A0EA-456C-407F-A0E3-628523F574C4}.Release|Any CPU.ActiveCfg = Release|Any CPU
		{DFA0A0EA-456C-407F-A0E3-628523F574C4}.Release|Any CPU.Build.0 = Release|Any CPU
		{6AE156B7-6352-4989-9E47-971273E9876C}.Debug|Any CPU.ActiveCfg = Debug|Any CPU
		{6AE156B7-6352-4989-9E47-971273E9876C}.Debug|Any CPU.Build.0 = Debug|Any CPU
		{6AE156B7-6352-4989-9E47-971273E9876C}.Release|Any CPU.ActiveCfg = Release|Any CPU
		{6AE156B7-6352-4989-9E47-971273E9876C}.Release|Any CPU.Build.0 = Release|Any CPU
		{8C59A91E-008E-4BC3-B7BC-B92EFDCF755A}.Debug|Any CPU.ActiveCfg = Debug|Any CPU
		{8C59A91E-008E-4BC3-B7BC-B92EFDCF755A}.Debug|Any CPU.Build.0 = Debug|Any CPU
		{8C59A91E-008E-4BC3-B7BC-B92EFDCF755A}.Release|Any CPU.ActiveCfg = Release|Any CPU
		{8C59A91E-008E-4BC3-B7BC-B92EFDCF755A}.Release|Any CPU.Build.0 = Release|Any CPU
		{B2B0D2CD-95D5-4166-B375-4BAC1F3E9EEB}.Debug|Any CPU.ActiveCfg = Debug|Any CPU
		{B2B0D2CD-95D5-4166-B375-4BAC1F3E9EEB}.Debug|Any CPU.Build.0 = Debug|Any CPU
		{B2B0D2CD-95D5-4166-B375-4BAC1F3E9EEB}.Release|Any CPU.ActiveCfg = Release|Any CPU
		{B2B0D2CD-95D5-4166-B375-4BAC1F3E9EEB}.Release|Any CPU.Build.0 = Release|Any CPU
		{C694AB69-36FB-47A0-86D0-22B71771136C}.Debug|Any CPU.ActiveCfg = Debug|Any CPU
		{C694AB69-36FB-47A0-86D0-22B71771136C}.Debug|Any CPU.Build.0 = Debug|Any CPU
		{C694AB69-36FB-47A0-86D0-22B71771136C}.Release|Any CPU.ActiveCfg = Release|Any CPU
		{C694AB69-36FB-47A0-86D0-22B71771136C}.Release|Any CPU.Build.0 = Release|Any CPU
	EndGlobalSection
	GlobalSection(SolutionProperties) = preSolution
		HideSolutionNode = FALSE
	EndGlobalSection
	GlobalSection(NestedProjects) = preSolution
		{81E45AA4-499A-4842-AAB2-4FDA6B3F4327} = {A40BEBE3-C401-446E-8E56-9CBD04B0115A}
		{DCCF8BA5-13AE-45AE-B0CF-365B2A26D083} = {A40BEBE3-C401-446E-8E56-9CBD04B0115A}
		{729B7532-6AC6-424C-B5E0-5C05FC750471} = {5E5B6D37-6C3B-4827-9B9C-03369BA76C0B}
		{DFA0A0EA-456C-407F-A0E3-628523F574C4} = {5E5B6D37-6C3B-4827-9B9C-03369BA76C0B}
		{6AE156B7-6352-4989-9E47-971273E9876C} = {4AF6DD75-B5F2-49BE-9222-8312920535FD}
		{8C59A91E-008E-4BC3-B7BC-B92EFDCF755A} = {4AF6DD75-B5F2-49BE-9222-8312920535FD}
		{B2B0D2CD-95D5-4166-B375-4BAC1F3E9EEB} = {F10AF5E7-2658-47E8-BEEC-C023D21F7698}
		{C694AB69-36FB-47A0-86D0-22B71771136C} = {F10AF5E7-2658-47E8-BEEC-C023D21F7698}
	EndGlobalSection
	GlobalSection(ExtensibilityGlobals) = postSolution
		SolutionGuid = {21E2235E-7B3B-4D3A-B2D1-45669700A503}
	EndGlobalSection
EndGlobal
